// !$*UTF8*$!
{
	archiveVersion = 1;
	classes = {
	};
	objectVersion = 46;
	objects = {

/* Begin PBXBuildFile section */
		7858E145148AEF8F0088D3D0 /* Foundation.framework in Frameworks */ = {isa = PBXBuildFile; fileRef = 7858E144148AEF8F0088D3D0 /* Foundation.framework */; };
		7858E148148AEF8F0088D3D0 /* main.m in Sources */ = {isa = PBXBuildFile; fileRef = 7858E147148AEF8F0088D3D0 /* main.m */; };
		7858E14C148AEF8F0088D3D0 /* GnuplotObjc.1 in CopyFiles */ = {isa = PBXBuildFile; fileRef = 7858E14B148AEF8F0088D3D0 /* GnuplotObjc.1 */; };
/* End PBXBuildFile section */

/* Begin PBXCopyFilesBuildPhase section */
		7858E13E148AEF8F0088D3D0 /* CopyFiles */ = {
			isa = PBXCopyFilesBuildPhase;
			buildActionMask = 2147483647;
			dstPath = /usr/share/man/man1/;
			dstSubfolderSpec = 0;
			files = (
				7858E14C148AEF8F0088D3D0 /* GnuplotObjc.1 in CopyFiles */,
			);
			runOnlyForDeploymentPostprocessing = 1;
		};
/* End PBXCopyFilesBuildPhase section */

/* Begin PBXFileReference section */
		7858E140148AEF8F0088D3D0 /* GnuplotObjc */ = {isa = PBXFileReference; explicitFileType = "compiled.mach-o.executable"; includeInIndex = 0; path = GnuplotObjc; sourceTree = BUILT_PRODUCTS_DIR; };
		7858E144148AEF8F0088D3D0 /* Foundation.framework */ = {isa = PBXFileReference; lastKnownFileType = wrapper.framework; name = Foundation.framework; path = System/Library/Frameworks/Foundation.framework; sourceTree = SDKROOT; };
		7858E147148AEF8F0088D3D0 /* main.m */ = {isa = PBXFileReference; lastKnownFileType = sourcecode.c.objc; path = main.m; sourceTree = "<group>"; };
		7858E14A148AEF8F0088D3D0 /* GnuplotObjc-Prefix.pch */ = {isa = PBXFileReference; path = "GnuplotObjc-Prefix.pch"; sourceTree = "<group>"; };
		7858E14B148AEF8F0088D3D0 /* GnuplotObjc.1 */ = {isa = PBXFileReference; lastKnownFileType = text.man; path = GnuplotObjc.1; sourceTree = "<group>"; };
/* End PBXFileReference section */

/* Begin PBXFrameworksBuildPhase section */
		7858E13D148AEF8F0088D3D0 /* Frameworks */ = {
			isa = PBXFrameworksBuildPhase;
			buildActionMask = 2147483647;
			files = (
				7858E145148AEF8F0088D3D0 /* Foundation.framework in Frameworks */,
			);
			runOnlyForDeploymentPostprocessing = 0;
		};
/* End PBXFrameworksBuildPhase section */

/* Begin PBXGroup section */
		7858E135148AEF8F0088D3D0 = {
			isa = PBXGroup;
			children = (
				7858E146148AEF8F0088D3D0 /* GnuplotObjc */,
				7858E143148AEF8F0088D3D0 /* Frameworks */,
				7858E141148AEF8F0088D3D0 /* Products */,
			);
			sourceTree = "<group>";
		};
		7858E141148AEF8F0088D3D0 /* Products */ = {
			isa = PBXGroup;
			children = (
				7858E140148AEF8F0088D3D0 /* GnuplotObjc */,
			);
			name = Products;
			sourceTree = "<group>";
		};
		7858E143148AEF8F0088D3D0 /* Frameworks */ = {
			isa = PBXGroup;
			children = (
				7858E144148AEF8F0088D3D0 /* Foundation.framework */,
			);
			name = Frameworks;
			sourceTree = "<group>";
		};
		7858E146148AEF8F0088D3D0 /* GnuplotObjc */ = {
			isa = PBXGroup;
			children = (
				7858E147148AEF8F0088D3D0 /* main.m */,
				7858E14B148AEF8F0088D3D0 /* GnuplotObjc.1 */,
				7858E149148AEF8F0088D3D0 /* Supporting Files */,
			);
			path = GnuplotObjc;
			sourceTree = "<group>";
		};
		7858E149148AEF8F0088D3D0 /* Supporting Files */ = {
			isa = PBXGroup;
			children = (
				7858E14A148AEF8F0088D3D0 /* GnuplotObjc-Prefix.pch */,
			);
			name = "Supporting Files";
			sourceTree = "<group>";
		};
/* End PBXGroup section */

/* Begin PBXNativeTarget section */
		7858E13F148AEF8F0088D3D0 /* GnuplotObjc */ = {
			isa = PBXNativeTarget;
			buildConfigurationList = 7858E14F148AEF8F0088D3D0 /* Build configuration list for PBXNativeTarget "GnuplotObjc" */;
			buildPhases = (
				7858E13C148AEF8F0088D3D0 /* Sources */,
				7858E13D148AEF8F0088D3D0 /* Frameworks */,
				7858E13E148AEF8F0088D3D0 /* CopyFiles */,
			);
			buildRules = (
			);
			dependencies = (
			);
			name = GnuplotObjc;
			productName = GnuplotObjc;
			productReference = 7858E140148AEF8F0088D3D0 /* GnuplotObjc */;
			productType = "com.apple.product-type.tool";
		};
/* End PBXNativeTarget section */

/* Begin PBXProject section */
		7858E137148AEF8F0088D3D0 /* Project object */ = {
			isa = PBXProject;
			attributes = {
				LastUpgradeCheck = 0420;
				ORGANIZATIONNAME = UNICAEN;
			};
			buildConfigurationList = 7858E13A148AEF8F0088D3D0 /* Build configuration list for PBXProject "GnuplotObjc" */;
			compatibilityVersion = "Xcode 3.2";
			developmentRegion = English;
			hasScannedForEncodings = 0;
			knownRegions = (
				en,
			);
			mainGroup = 7858E135148AEF8F0088D3D0;
			productRefGroup = 7858E141148AEF8F0088D3D0 /* Products */;
			projectDirPath = "";
			projectRoot = "";
			targets = (
				7858E13F148AEF8F0088D3D0 /* GnuplotObjc */,
			);
		};
/* End PBXProject section */

/* Begin PBXSourcesBuildPhase section */
		7858E13C148AEF8F0088D3D0 /* Sources */ = {
			isa = PBXSourcesBuildPhase;
			buildActionMask = 2147483647;
			files = (
				7858E148148AEF8F0088D3D0 /* main.m in Sources */,
			);
			runOnlyForDeploymentPostprocessing = 0;
		};
/* End PBXSourcesBuildPhase section */

/* Begin XCBuildConfiguration section */
		7858E14D148AEF8F0088D3D0 /* Debug */ = {
			isa = XCBuildConfiguration;
			buildSettings = {
				ALWAYS_SEARCH_USER_PATHS = NO;
				ARCHS = "$(ARCHS_STANDARD_64_BIT)";
				CLANG_ENABLE_OBJC_ARC = YES;
				COPY_PHASE_STRIP = NO;
				GCC_C_LANGUAGE_STANDARD = gnu99;
				GCC_DYNAMIC_NO_PIC = NO;
				GCC_ENABLE_OBJC_EXCEPTIONS = YES;
				GCC_OPTIMIZATION_LEVEL = 0;
				GCC_PREPROCESSOR_DEFINITIONS = (
					"DEBUG=1",
					"$(inherited)",
				);
				GCC_SYMBOLS_PRIVATE_EXTERN = NO;
				GCC_VERSION = com.apple.compilers.llvm.clang.1_0;
				GCC_WARN_64_TO_32_BIT_CONVERSION = YES;
				GCC_WARN_ABOUT_MISSING_PROTOTYPES = YES;
				GCC_WARN_ABOUT_RETURN_TYPE = YES;
				GCC_WARN_UNUSED_VARIABLE = YES;
				MACOSX_DEPLOYMENT_TARGET = 10.7;
				ONLY_ACTIVE_ARCH = YES;
				SDKROOT = macosx;
			};
			name = Debug;
		};
		7858E14E148AEF8F0088D3D0 /* Release */ = {
			isa = XCBuildConfiguration;
			buildSettings = {
				ALWAYS_SEARCH_USER_PATHS = NO;
				ARCHS = "$(ARCHS_STANDARD_64_BIT)";
				CLANG_ENABLE_OBJC_ARC = YES;
				COPY_PHASE_STRIP = YES;
				DEBUG_INFORMATION_FORMAT = "dwarf-with-dsym";
				GCC_C_LANGUAGE_STANDARD = gnu99;
				GCC_ENABLE_OBJC_EXCEPTIONS = YES;
				GCC_VERSION = com.apple.compilers.llvm.clang.1_0;
				GCC_WARN_64_TO_32_BIT_CONVERSION = YES;
				GCC_WARN_ABOUT_MISSING_PROTOTYPES = YES;
				GCC_WARN_ABOUT_RETURN_TYPE = YES;
				GCC_WARN_UNUSED_VARIABLE = YES;
				MACOSX_DEPLOYMENT_TARGET = 10.7;
				SDKROOT = macosx;
			};
			name = Release;
		};
		7858E150148AEF8F0088D3D0 /* Debug */ = {
			isa = XCBuildConfiguration;
			buildSettings = {
				GCC_PRECOMPILE_PREFIX_HEADER = YES;
				GCC_PREFIX_HEADER = "GnuplotObjc/GnuplotObjc-Prefix.pch";
				PRODUCT_NAME = "$(TARGET_NAME)";
			};
			name = Debug;
		};
		7858E151148AEF8F0088D3D0 /* Release */ = {
			isa = XCBuildConfiguration;
			buildSettings = {
				GCC_PRECOMPILE_PREFIX_HEADER = YES;
				GCC_PREFIX_HEADER = "GnuplotObjc/GnuplotObjc-Prefix.pch";
				PRODUCT_NAME = "$(TARGET_NAME)";
			};
			name = Release;
		};
/* End XCBuildConfiguration section */

/* Begin XCConfigurationList section */
		7858E13A148AEF8F0088D3D0 /* Build configuration list for PBXProject "GnuplotObjc" */ = {
			isa = XCConfigurationList;
			buildConfigurations = (
				7858E14D148AEF8F0088D3D0 /* Debug */,
				7858E14E148AEF8F0088D3D0 /* Release */,
			);
			defaultConfigurationIsVisible = 0;
			defaultConfigurationName = Release;
		};
		7858E14F148AEF8F0088D3D0 /* Build configuration list for PBXNativeTarget "GnuplotObjc" */ = {
			isa = XCConfigurationList;
			buildConfigurations = (
				7858E150148AEF8F0088D3D0 /* Debug */,
				7858E151148AEF8F0088D3D0 /* Release */,
			);
			defaultConfigurationIsVisible = 0;
		};
/* End XCConfigurationList section */
	};
	rootObject = 7858E137148AEF8F0088D3D0 /* Project object */;
}
