// !$*UTF8*$!
{
	archiveVersion = 1;
	classes = {
	};
	objectVersion = 46;
	objects = {

/* Begin PBXBuildFile section */
		7858E145148AEF8F0088D3D0 /* Foundation.framework in Frameworks */ = {isa = PBXBuildFile; fileRef = 7858E144148AEF8F0088D3D0 /* Foundation.framework */; };
		7858E148148AEF8F0088D3D0 /* main.m in Sources */ = {isa = PBXBuildFile; fileRef = 7858E147148AEF8F0088D3D0 /* main.m */; };
		7858E154148AEFAD0088D3D0 /* GnuplotSession.m in Sources */ = {isa = PBXBuildFile; fileRef = 7858E153148AEFAD0088D3D0 /* GnuplotSession.m */; };
		78FA484E148BB22900C76909 /* Cocoa.framework in Frameworks */ = {isa = PBXBuildFile; fileRef = 78FA484D148BB22900C76909 /* Cocoa.framework */; };
/* End PBXBuildFile section */

/* Begin PBXCopyFilesBuildPhase section */
		7858E13E148AEF8F0088D3D0 /* CopyFiles */ = {
			isa = PBXCopyFilesBuildPhase;
			buildActionMask = 2147483647;
			dstPath = /usr/share/man/man1/;
			dstSubfolderSpec = 0;
			files = (
			);
			runOnlyForDeploymentPostprocessing = 1;
		};
/* End PBXCopyFilesBuildPhase section */

/* Begin PBXFileReference section */
		7858E140148AEF8F0088D3D0 /* GnuplotObjc */ = {isa = PBXFileReference; explicitFileType = "compiled.mach-o.executable"; includeInIndex = 0; path = GnuplotObjc; sourceTree = BUILT_PRODUCTS_DIR; };
		7858E144148AEF8F0088D3D0 /* Foundation.framework */ = {isa = PBXFileReference; lastKnownFileType = wrapper.framework; name = Foundation.framework; path = System/Library/Frameworks/Foundation.framework; sourceTree = SDKROOT; };
		7858E147148AEF8F0088D3D0 /* main.m */ = {isa = PBXFileReference; lastKnownFileType = sourcecode.c.objc; path = main.m; sourceTree = "<group>"; };
		7858E14A148AEF8F0088D3D0 /* GnuplotObjc-Prefix.pch */ = {isa = PBXFileReference; lastKnownFileType = sourcecode.c.h; path = "GnuplotObjc-Prefix.pch"; sourceTree = "<group>"; };
		7858E152148AEFAD0088D3D0 /* GnuplotSession.h */ = {isa = PBXFileReference; fileEncoding = 4; lastKnownFileType = sourcecode.c.h; name = GnuplotSession.h; path = ../GnuplotObjc/GnuplotSession.h; sourceTree = "<group>"; };
		7858E153148AEFAD0088D3D0 /* GnuplotSession.m */ = {isa = PBXFileReference; fileEncoding = 4; lastKnownFileType = sourcecode.c.objc; name = GnuplotSession.m; path = ../GnuplotObjc/GnuplotSession.m; sourceTree = "<group>"; };
		78FA484C148BB22900C76909 /* liblibGnuplotObjc.a */ = {isa = PBXFileReference; explicitFileType = archive.ar; includeInIndex = 0; path = liblibGnuplotObjc.a; sourceTree = BUILT_PRODUCTS_DIR; };
		78FA484D148BB22900C76909 /* Cocoa.framework */ = {isa = PBXFileReference; lastKnownFileType = wrapper.framework; name = Cocoa.framework; path = System/Library/Frameworks/Cocoa.framework; sourceTree = SDKROOT; };
		78FA4850148BB22900C76909 /* AppKit.framework */ = {isa = PBXFileReference; lastKnownFileType = wrapper.framework; name = AppKit.framework; path = System/Library/Frameworks/AppKit.framework; sourceTree = SDKROOT; };
		78FA4851148BB22900C76909 /* CoreData.framework */ = {isa = PBXFileReference; lastKnownFileType = wrapper.framework; name = CoreData.framework; path = System/Library/Frameworks/CoreData.framework; sourceTree = SDKROOT; };
		78FA4852148BB22900C76909 /* Foundation.framework */ = {isa = PBXFileReference; lastKnownFileType = wrapper.framework; name = Foundation.framework; path = System/Library/Frameworks/Foundation.framework; sourceTree = SDKROOT; };
		78FA4855148BB22900C76909 /* libGnuplotObjc-Prefix.pch */ = {isa = PBXFileReference; lastKnownFileType = sourcecode.c.h; path = "libGnuplotObjc-Prefix.pch"; sourceTree = "<group>"; };
		78FA485D148BB33600C76909 /* README */ = {isa = PBXFileReference; fileEncoding = 4; lastKnownFileType = text; path = README; sourceTree = "<group>"; };
/* End PBXFileReference section */

/* Begin PBXFrameworksBuildPhase section */
		7858E13D148AEF8F0088D3D0 /* Frameworks */ = {
			isa = PBXFrameworksBuildPhase;
			buildActionMask = 2147483647;
			files = (
				7858E145148AEF8F0088D3D0 /* Foundation.framework in Frameworks */,
			);
			runOnlyForDeploymentPostprocessing = 0;
		};
		78FA4849148BB22900C76909 /* Frameworks */ = {
			isa = PBXFrameworksBuildPhase;
			buildActionMask = 2147483647;
			files = (
				78FA484E148BB22900C76909 /* Cocoa.framework in Frameworks */,
			);
			runOnlyForDeploymentPostprocessing = 0;
		};
/* End PBXFrameworksBuildPhase section */

/* Begin PBXGroup section */
		7858E135148AEF8F0088D3D0 = {
			isa = PBXGroup;
			children = (
				78FA485D148BB33600C76909 /* README */,
				78FA485C148BB2BE00C76909 /* Documentation */,
				7858E146148AEF8F0088D3D0 /* Exemple */,
				78FA4853148BB22900C76909 /* libGnuplotObjc */,
				7858E143148AEF8F0088D3D0 /* Frameworks */,
				7858E141148AEF8F0088D3D0 /* Products */,
			);
			sourceTree = "<group>";
		};
		7858E141148AEF8F0088D3D0 /* Products */ = {
			isa = PBXGroup;
			children = (
				7858E140148AEF8F0088D3D0 /* GnuplotObjc */,
				78FA484C148BB22900C76909 /* liblibGnuplotObjc.a */,
			);
			name = Products;
			sourceTree = "<group>";
		};
		7858E143148AEF8F0088D3D0 /* Frameworks */ = {
			isa = PBXGroup;
			children = (
				7858E144148AEF8F0088D3D0 /* Foundation.framework */,
				78FA484D148BB22900C76909 /* Cocoa.framework */,
				78FA484F148BB22900C76909 /* Other Frameworks */,
			);
			name = Frameworks;
			sourceTree = "<group>";
		};
		7858E146148AEF8F0088D3D0 /* Exemple */ = {
			isa = PBXGroup;
			children = (
				7858E147148AEF8F0088D3D0 /* main.m */,
				7858E149148AEF8F0088D3D0 /* Supporting Files */,
			);
			name = Exemple;
			path = GnuplotObjc;
			sourceTree = "<group>";
		};
		7858E149148AEF8F0088D3D0 /* Supporting Files */ = {
			isa = PBXGroup;
			children = (
				7858E14A148AEF8F0088D3D0 /* GnuplotObjc-Prefix.pch */,
			);
			name = "Supporting Files";
			sourceTree = "<group>";
		};
		78FA484F148BB22900C76909 /* Other Frameworks */ = {
			isa = PBXGroup;
			children = (
				78FA4850148BB22900C76909 /* AppKit.framework */,
				78FA4851148BB22900C76909 /* CoreData.framework */,
				78FA4852148BB22900C76909 /* Foundation.framework */,
			);
			name = "Other Frameworks";
			sourceTree = "<group>";
		};
		78FA4853148BB22900C76909 /* libGnuplotObjc */ = {
			isa = PBXGroup;
			children = (
				7858E152148AEFAD0088D3D0 /* GnuplotSession.h */,
				7858E153148AEFAD0088D3D0 /* GnuplotSession.m */,
				78FA4854148BB22900C76909 /* Supporting Files */,
			);
			path = libGnuplotObjc;
			sourceTree = "<group>";
		};
		78FA4854148BB22900C76909 /* Supporting Files */ = {
			isa = PBXGroup;
			children = (
				78FA4855148BB22900C76909 /* libGnuplotObjc-Prefix.pch */,
			);
			name = "Supporting Files";
			sourceTree = "<group>";
		};
		78FA485C148BB2BE00C76909 /* Documentation */ = {
			isa = PBXGroup;
			children = (
			);
			name = Documentation;
			sourceTree = "<group>";
		};
/* End PBXGroup section */

/* Begin PBXHeadersBuildPhase section */
		78FA484A148BB22900C76909 /* Headers */ = {
			isa = PBXHeadersBuildPhase;
			buildActionMask = 2147483647;
			files = (
			);
			runOnlyForDeploymentPostprocessing = 0;
		};
/* End PBXHeadersBuildPhase section */

/* Begin PBXNativeTarget section */
		7858E13F148AEF8F0088D3D0 /* exemple */ = {
			isa = PBXNativeTarget;
			buildConfigurationList = 7858E14F148AEF8F0088D3D0 /* Build configuration list for PBXNativeTarget "exemple" */;
			buildPhases = (
				7858E13C148AEF8F0088D3D0 /* Sources */,
				7858E13D148AEF8F0088D3D0 /* Frameworks */,
				7858E13E148AEF8F0088D3D0 /* CopyFiles */,
			);
			buildRules = (
			);
			dependencies = (
			);
			name = exemple;
			productName = GnuplotObjc;
			productReference = 7858E140148AEF8F0088D3D0 /* GnuplotObjc */;
			productType = "com.apple.product-type.tool";
		};
		78FA484B148BB22900C76909 /* libGnuplotObjc */ = {
			isa = PBXNativeTarget;
			buildConfigurationList = 78FA4859148BB22900C76909 /* Build configuration list for PBXNativeTarget "libGnuplotObjc" */;
			buildPhases = (
				78FA4848148BB22900C76909 /* Sources */,
				78FA4849148BB22900C76909 /* Frameworks */,
				78FA484A148BB22900C76909 /* Headers */,
			);
			buildRules = (
			);
			dependencies = (
			);
			name = libGnuplotObjc;
			productName = libGnuplotObjc;
			productReference = 78FA484C148BB22900C76909 /* liblibGnuplotObjc.a */;
			productType = "com.apple.product-type.library.static";
		};
/* End PBXNativeTarget section */

/* Begin PBXProject section */
		7858E137148AEF8F0088D3D0 /* Project object */ = {
			isa = PBXProject;
			attributes = {
				LastUpgradeCheck = 0420;
				ORGANIZATIONNAME = UNICAEN;
			};
			buildConfigurationList = 7858E13A148AEF8F0088D3D0 /* Build configuration list for PBXProject "GnuplotObjc" */;
			compatibilityVersion = "Xcode 3.2";
			developmentRegion = English;
			hasScannedForEncodings = 0;
			knownRegions = (
				en,
			);
			mainGroup = 7858E135148AEF8F0088D3D0;
			productRefGroup = 7858E141148AEF8F0088D3D0 /* Products */;
			projectDirPath = "";
			projectRoot = "";
			targets = (
				7858E13F148AEF8F0088D3D0 /* exemple */,
				78FA484B148BB22900C76909 /* libGnuplotObjc */,
			);
		};
/* End PBXProject section */

/* Begin PBXSourcesBuildPhase section */
		7858E13C148AEF8F0088D3D0 /* Sources */ = {
			isa = PBXSourcesBuildPhase;
			buildActionMask = 2147483647;
			files = (
				7858E148148AEF8F0088D3D0 /* main.m in Sources */,
				7858E154148AEFAD0088D3D0 /* GnuplotSession.m in Sources */,
			);
			runOnlyForDeploymentPostprocessing = 0;
		};
		78FA4848148BB22900C76909 /* Sources */ = {
			isa = PBXSourcesBuildPhase;
			buildActionMask = 2147483647;
			files = (
			);
			runOnlyForDeploymentPostprocessing = 0;
		};
/* End PBXSourcesBuildPhase section */

/* Begin XCBuildConfiguration section */
		7858E14D148AEF8F0088D3D0 /* Debug */ = {
			isa = XCBuildConfiguration;
			buildSettings = {
				ALWAYS_SEARCH_USER_PATHS = NO;
				ARCHS = "$(ARCHS_STANDARD_32_64_BIT)";
				CLANG_ENABLE_OBJC_ARC = NO;
				COPY_PHASE_STRIP = NO;
				GCC_C_LANGUAGE_STANDARD = gnu99;
				GCC_DYNAMIC_NO_PIC = NO;
				GCC_ENABLE_OBJC_EXCEPTIONS = YES;
				GCC_OPTIMIZATION_LEVEL = 0;
				GCC_PREPROCESSOR_DEFINITIONS = (
					"DEBUG=1",
					"$(inherited)",
				);
				GCC_SYMBOLS_PRIVATE_EXTERN = NO;
				GCC_VERSION = com.apple.compilers.llvm.clang.1_0;
				GCC_WARN_64_TO_32_BIT_CONVERSION = YES;
				GCC_WARN_ABOUT_MISSING_PROTOTYPES = YES;
				GCC_WARN_ABOUT_RETURN_TYPE = YES;
				GCC_WARN_UNUSED_VARIABLE = YES;
				MACOSX_DEPLOYMENT_TARGET = 10.7;
				ONLY_ACTIVE_ARCH = YES;
				SDKROOT = macosx;
			};
			name = Debug;
		};
		7858E14E148AEF8F0088D3D0 /* Release */ = {
			isa = XCBuildConfiguration;
			buildSettings = {
				ALWAYS_SEARCH_USER_PATHS = NO;
				ARCHS = "$(ARCHS_STANDARD_32_64_BIT)";
				CLANG_ENABLE_OBJC_ARC = NO;
				COPY_PHASE_STRIP = YES;
				DEBUG_INFORMATION_FORMAT = "dwarf-with-dsym";
				GCC_C_LANGUAGE_STANDARD = gnu99;
				GCC_ENABLE_OBJC_EXCEPTIONS = YES;
				GCC_VERSION = com.apple.compilers.llvm.clang.1_0;
				GCC_WARN_64_TO_32_BIT_CONVERSION = YES;
				GCC_WARN_ABOUT_MISSING_PROTOTYPES = YES;
				GCC_WARN_ABOUT_RETURN_TYPE = YES;
				GCC_WARN_UNUSED_VARIABLE = YES;
				MACOSX_DEPLOYMENT_TARGET = 10.7;
				SDKROOT = macosx;
			};
			name = Release;
		};
		7858E150148AEF8F0088D3D0 /* Debug */ = {
			isa = XCBuildConfiguration;
			buildSettings = {
				GCC_PRECOMPILE_PREFIX_HEADER = YES;
				GCC_PREFIX_HEADER = "GnuplotObjc/GnuplotObjc-Prefix.pch";
				PRODUCT_NAME = "$(TARGET_NAME)";
			};
			name = Debug;
		};
		7858E151148AEF8F0088D3D0 /* Release */ = {
			isa = XCBuildConfiguration;
			buildSettings = {
				GCC_PRECOMPILE_PREFIX_HEADER = YES;
				GCC_PREFIX_HEADER = "GnuplotObjc/GnuplotObjc-Prefix.pch";
				PRODUCT_NAME = "$(TARGET_NAME)";
			};
			name = Release;
		};
		78FA485A148BB22900C76909 /* Debug */ = {
			isa = XCBuildConfiguration;
			buildSettings = {
				GCC_PRECOMPILE_PREFIX_HEADER = YES;
				GCC_PREFIX_HEADER = "libGnuplotObjc/libGnuplotObjc-Prefix.pch";
				PRODUCT_NAME = "$(TARGET_NAME)";
			};
			name = Debug;
		};
		78FA485B148BB22900C76909 /* Release */ = {
			isa = XCBuildConfiguration;
			buildSettings = {
				GCC_PRECOMPILE_PREFIX_HEADER = YES;
				GCC_PREFIX_HEADER = "libGnuplotObjc/libGnuplotObjc-Prefix.pch";
				PRODUCT_NAME = "$(TARGET_NAME)";
			};
			name = Release;
		};
/* End XCBuildConfiguration section */

/* Begin XCConfigurationList section */
		7858E13A148AEF8F0088D3D0 /* Build configuration list for PBXProject "GnuplotObjc" */ = {
			isa = XCConfigurationList;
			buildConfigurations = (
				7858E14D148AEF8F0088D3D0 /* Debug */,
				7858E14E148AEF8F0088D3D0 /* Release */,
			);
			defaultConfigurationIsVisible = 0;
			defaultConfigurationName = Release;
		};
		7858E14F148AEF8F0088D3D0 /* Build configuration list for PBXNativeTarget "exemple" */ = {
			isa = XCConfigurationList;
			buildConfigurations = (
				7858E150148AEF8F0088D3D0 /* Debug */,
				7858E151148AEF8F0088D3D0 /* Release */,
			);
			defaultConfigurationIsVisible = 0;
			defaultConfigurationName = Release;
		};
		78FA4859148BB22900C76909 /* Build configuration list for PBXNativeTarget "libGnuplotObjc" */ = {
			isa = XCConfigurationList;
			buildConfigurations = (
				78FA485A148BB22900C76909 /* Debug */,
				78FA485B148BB22900C76909 /* Release */,
			);
			defaultConfigurationIsVisible = 0;
		};
/* End XCConfigurationList section */
	};
	rootObject = 7858E137148AEF8F0088D3D0 /* Project object */;
}
